github.com/issue9/assert/v3 v3.0.4 h1:WsYZQ6PQmM/pGFrbkn5GIXjWeVZHv+wcl2829UTX1Qc=
github.com/issue9/assert/v3 v3.0.4/go.mod h1:yft/uaskRpwQTyBT3n1zRl91SR1wNlO4fLZHzOa4bdM=
github.com/issue9/rands/v2 v2.0.0 h1:SdG8iflIzuWpa6CKLmMwn4pTZj+mSxS7s+1TCH6WXUE=
github.com/issue9/rands/v2 v2.0.0/go.mod h1:wTOXDlW9QUtba7o3I/RayfjH7mLYrER2TFHaIeKe96o=
